{
  "nodes": {
    "nixpkgs": {
      "locked": {
        "lastModified": 1790822859,
        "narHash": "sha256-69xHQhAeMAD2wDXO7T2pcOZIF9Sga2W+JkmY2a11Ops=",
        "owner": "NixOS",
        "repo": "nixpkgs",
        "rev": "c59305bab2065cfecc4944690d9eedbb56f3a9fa",
        "type": "github"
      },
      "original": {
        "owner": "NixOS",
        "ref": "nixos-unstable",
        "repo": "nixpkgs",
        "type": "github"
      }
    },
    "root": {
      "inputs": {
        "nixpkgs": "nixpkgs",
        "rustfs-flake": "rustfs-flake"
      }
    },
    "rustfs-flake": {
      "inputs": {
        "nixpkgs": [
          "nixpkgs"
        ]
      },
      "locked": {
        "lastModified": 1791041837,
        "narHash": "sha256-/QB/ewlwCQMGcGKQPHB63fB5KS3II4eoR3Moiv5GibQ=",
        "owner": "rustfs",
        "repo": "rustfs-flake",
        "rev": "c2b86fe374b72e4fe72de5f1e854df62d17f914b",
        "type": "github"
      },
      "original": {
        "owner": "rustfs",
        "ref": "main",
        "repo": "rustfs-flake",
        "type": "github"
      }
    }
  },
  "root": "root",
  "version": 7
}
